
Microsoft Visual Studio Solution File, Format Version 12.00
# Visual Studio Version 17
VisualStudioVersion = 17.5.002.0
MinimumVisualStudioVersion = 10.0.40219.1
Project("{9A19103F-16F7-4668-BE54-9A1E7A4F7556}") = "ClownishCarnage.TeamsSSO.Mvc", "ClownishCarnage.TeamsSSO.Mvc.csproj", "{28B4D96B-80F5-4EE3-A9EB-71F9C3ABAA67}"
EndProject
Global
	GlobalSection(SolutionConfigurationPlatforms) = preSolution
		Debug|Any CPU = Debug|Any CPU
		Release|Any CPU = Release|Any CPU
	EndGlobalSection
	GlobalSection(ProjectConfigurationPlatforms) = postSolution
		{28B4D96B-80F5-4EE3-A9EB-71F9C3ABAA67}.Debug|Any CPU.ActiveCfg = Debug|Any CPU
		{28B4D96B-80F5-4EE3-A9EB-71F9C3ABAA67}.Debug|Any CPU.Build.0 = Debug|Any CPU
		{28B4D96B-80F5-4EE3-A9EB-71F9C3ABAA67}.Release|Any CPU.ActiveCfg = Release|Any CPU
		{28B4D96B-80F5-4EE3-A9EB-71F9C3ABAA67}.Release|Any CPU.Build.0 = Release|Any CPU
	EndGlobalSection
	GlobalSection(SolutionProperties) = preSolution
		HideSolutionNode = FALSE
	EndGlobalSection
	GlobalSection(ExtensibilityGlobals) = postSolution
		SolutionGuid = {89EE4816-7DED-4415-B23D-22800E84ED7F}
	EndGlobalSection
EndGlobal
